// !$*UTF8*$!
{
	archiveVersion = 1;
	classes = {
	};
	objectVersion = 56;
	objects = {

/* Begin PBXBuildFile section */
		76C942BE2D198CA90068560E /* SwapiDemoApp.swift in Sources */ = {isa = PBXBuildFile; fileRef = 76C942BD2D198CA90068560E /* SwapiDemoApp.swift */; };
		76C942C02D198CA90068560E /* ContentView.swift in Sources */ = {isa = PBXBuildFile; fileRef = 76C942BF2D198CA90068560E /* ContentView.swift */; };
		76C942C22D198CAA0068560E /* Assets.xcassets in Resources */ = {isa = PBXBuildFile; fileRef = 76C942C12D198CAA0068560E /* Assets.xcassets */; };
		76C942C52D198CAA0068560E /* Preview Assets.xcassets in Resources */ = {isa = PBXBuildFile; fileRef = 76C942C42D198CAA0068560E /* Preview Assets.xcassets */; };
		76C942CF2D198CAA0068560E /* SwapiDemoTests.swift in Sources */ = {isa = PBXBuildFile; fileRef = 76C942CE2D198CAA0068560E /* SwapiDemoTests.swift */; };
		76C942D92D198CAA0068560E /* SwapiDemoUITests.swift in Sources */ = {isa = PBXBuildFile; fileRef = 76C942D82D198CAA0068560E /* SwapiDemoUITests.swift */; };
		76C942DB2D198CAA0068560E /* SwapiDemoUITestsLaunchTests.swift in Sources */ = {isa = PBXBuildFile; fileRef = 76C942DA2D198CAA0068560E /* SwapiDemoUITestsLaunchTests.swift */; };
		76C942E82D19942A0068560E /* README.md in Resources */ = {isa = PBXBuildFile; fileRef = 76C942E72D19942A0068560E /* README.md */; };
/* End PBXBuildFile section */

/* Begin PBXContainerItemProxy section */
		76C942CB2D198CAA0068560E /* PBXContainerItemProxy */ = {
			isa = PBXContainerItemProxy;
			containerPortal = 76C942B22D198CA90068560E /* Project object */;
			proxyType = 1;
			remoteGlobalIDString = 76C942B92D198CA90068560E;
			remoteInfo = SwapiDemo;
		};
		76C942D52D198CAA0068560E /* PBXContainerItemProxy */ = {
			isa = PBXContainerItemProxy;
			containerPortal = 76C942B22D198CA90068560E /* Project object */;
			proxyType = 1;
			remoteGlobalIDString = 76C942B92D198CA90068560E;
			remoteInfo = SwapiDemo;
		};
/* End PBXContainerItemProxy section */

/* Begin PBXFileReference section */
		76C942BA2D198CA90068560E /* SwapiDemo.app */ = {isa = PBXFileReference; explicitFileType = wrapper.application; includeInIndex = 0; path = SwapiDemo.app; sourceTree = BUILT_PRODUCTS_DIR; };
		76C942BD2D198CA90068560E /* SwapiDemoApp.swift */ = {isa = PBXFileReference; lastKnownFileType = sourcecode.swift; path = SwapiDemoApp.swift; sourceTree = "<group>"; };
		76C942BF2D198CA90068560E /* ContentView.swift */ = {isa = PBXFileReference; lastKnownFileType = sourcecode.swift; path = ContentView.swift; sourceTree = "<group>"; };
		76C942C12D198CAA0068560E /* Assets.xcassets */ = {isa = PBXFileReference; lastKnownFileType = folder.assetcatalog; path = Assets.xcassets; sourceTree = "<group>"; };
		76C942C42D198CAA0068560E /* Preview Assets.xcassets */ = {isa = PBXFileReference; lastKnownFileType = folder.assetcatalog; path = "Preview Assets.xcassets"; sourceTree = "<group>"; };
		76C942CA2D198CAA0068560E /* SwapiDemoTests.xctest */ = {isa = PBXFileReference; explicitFileType = wrapper.cfbundle; includeInIndex = 0; path = SwapiDemoTests.xctest; sourceTree = BUILT_PRODUCTS_DIR; };
		76C942CE2D198CAA0068560E /* SwapiDemoTests.swift */ = {isa = PBXFileReference; lastKnownFileType = sourcecode.swift; path = SwapiDemoTests.swift; sourceTree = "<group>"; };
		76C942D42D198CAA0068560E /* SwapiDemoUITests.xctest */ = {isa = PBXFileReference; explicitFileType = wrapper.cfbundle; includeInIndex = 0; path = SwapiDemoUITests.xctest; sourceTree = BUILT_PRODUCTS_DIR; };
		76C942D82D198CAA0068560E /* SwapiDemoUITests.swift */ = {isa = PBXFileReference; lastKnownFileType = sourcecode.swift; path = SwapiDemoUITests.swift; sourceTree = "<group>"; };
		76C942DA2D198CAA0068560E /* SwapiDemoUITestsLaunchTests.swift */ = {isa = PBXFileReference; lastKnownFileType = sourcecode.swift; path = SwapiDemoUITestsLaunchTests.swift; sourceTree = "<group>"; };
		76C942E72D19942A0068560E /* README.md */ = {isa = PBXFileReference; fileEncoding = 4; lastKnownFileType = net.daringfireball.markdown; name = README.md; path = ../README.md; sourceTree = "<group>"; };
/* End PBXFileReference section */

/* Begin PBXFrameworksBuildPhase section */
		76C942B72D198CA90068560E /* Frameworks */ = {
			isa = PBXFrameworksBuildPhase;
			buildActionMask = 2147483647;
			files = (
			);
			runOnlyForDeploymentPostprocessing = 0;
		};
		76C942C72D198CAA0068560E /* Frameworks */ = {
			isa = PBXFrameworksBuildPhase;
			buildActionMask = 2147483647;
			files = (
			);
			runOnlyForDeploymentPostprocessing = 0;
		};
		76C942D12D198CAA0068560E /* Frameworks */ = {
			isa = PBXFrameworksBuildPhase;
			buildActionMask = 2147483647;
			files = (
			);
			runOnlyForDeploymentPostprocessing = 0;
		};
/* End PBXFrameworksBuildPhase section */

/* Begin PBXGroup section */
		76C942B12D198CA90068560E = {
			isa = PBXGroup;
			children = (
				76C942E72D19942A0068560E /* README.md */,
				76C942BC2D198CA90068560E /* SwapiDemo */,
				76C942CD2D198CAA0068560E /* SwapiDemoTests */,
				76C942D72D198CAA0068560E /* SwapiDemoUITests */,
				76C942BB2D198CA90068560E /* Products */,
			);
			sourceTree = "<group>";
		};
		76C942BB2D198CA90068560E /* Products */ = {
			isa = PBXGroup;
			children = (
				76C942BA2D198CA90068560E /* SwapiDemo.app */,
				76C942CA2D198CAA0068560E /* SwapiDemoTests.xctest */,
				76C942D42D198CAA0068560E /* SwapiDemoUITests.xctest */,
			);
			name = Products;
			sourceTree = "<group>";
		};
		76C942BC2D198CA90068560E /* SwapiDemo */ = {
			isa = PBXGroup;
			children = (
				76C942BD2D198CA90068560E /* SwapiDemoApp.swift */,
				76C942BF2D198CA90068560E /* ContentView.swift */,
				76C942C12D198CAA0068560E /* Assets.xcassets */,
				76C942C32D198CAA0068560E /* Preview Content */,
			);
			path = SwapiDemo;
			sourceTree = "<group>";
		};
		76C942C32D198CAA0068560E /* Preview Content */ = {
			isa = PBXGroup;
			children = (
				76C942C42D198CAA0068560E /* Preview Assets.xcassets */,
			);
			path = "Preview Content";
			sourceTree = "<group>";
		};
		76C942CD2D198CAA0068560E /* SwapiDemoTests */ = {
			isa = PBXGroup;
			children = (
				76C942CE2D198CAA0068560E /* SwapiDemoTests.swift */,
			);
			path = SwapiDemoTests;
			sourceTree = "<group>";
		};
		76C942D72D198CAA0068560E /* SwapiDemoUITests */ = {
			isa = PBXGroup;
			children = (
				76C942D82D198CAA0068560E /* SwapiDemoUITests.swift */,
				76C942DA2D198CAA0068560E /* SwapiDemoUITestsLaunchTests.swift */,
			);
			path = SwapiDemoUITests;
			sourceTree = "<group>";
		};
/* End PBXGroup section */

/* Begin PBXNativeTarget section */
		76C942B92D198CA90068560E /* SwapiDemo */ = {
			isa = PBXNativeTarget;
			buildConfigurationList = 76C942DE2D198CAA0068560E /* Build configuration list for PBXNativeTarget "SwapiDemo" */;
			buildPhases = (
				76C942B62D198CA90068560E /* Sources */,
				76C942B72D198CA90068560E /* Frameworks */,
				76C942B82D198CA90068560E /* Resources */,
			);
			buildRules = (
			);
			dependencies = (
			);
			name = SwapiDemo;
			productName = SwapiDemo;
			productReference = 76C942BA2D198CA90068560E /* SwapiDemo.app */;
			productType = "com.apple.product-type.application";
		};
		76C942C92D198CAA0068560E /* SwapiDemoTests */ = {
			isa = PBXNativeTarget;
			buildConfigurationList = 76C942E12D198CAA0068560E /* Build configuration list for PBXNativeTarget "SwapiDemoTests" */;
			buildPhases = (
				76C942C62D198CAA0068560E /* Sources */,
				76C942C72D198CAA0068560E /* Frameworks */,
				76C942C82D198CAA0068560E /* Resources */,
			);
			buildRules = (
			);
			dependencies = (
				76C942CC2D198CAA0068560E /* PBXTargetDependency */,
			);
			name = SwapiDemoTests;
			productName = SwapiDemoTests;
			productReference = 76C942CA2D198CAA0068560E /* SwapiDemoTests.xctest */;
			productType = "com.apple.product-type.bundle.unit-test";
		};
		76C942D32D198CAA0068560E /* SwapiDemoUITests */ = {
			isa = PBXNativeTarget;
			buildConfigurationList = 76C942E42D198CAA0068560E /* Build configuration list for PBXNativeTarget "SwapiDemoUITests" */;
			buildPhases = (
				76C942D02D198CAA0068560E /* Sources */,
				76C942D12D198CAA0068560E /* Frameworks */,
				76C942D22D198CAA0068560E /* Resources */,
			);
			buildRules = (
			);
			dependencies = (
				76C942D62D198CAA0068560E /* PBXTargetDependency */,
			);
			name = SwapiDemoUITests;
			productName = SwapiDemoUITests;
			productReference = 76C942D42D198CAA0068560E /* SwapiDemoUITests.xctest */;
			productType = "com.apple.product-type.bundle.ui-testing";
		};
/* End PBXNativeTarget section */

/* Begin PBXProject section */
		76C942B22D198CA90068560E /* Project object */ = {
			isa = PBXProject;
			attributes = {
				BuildIndependentTargetsInParallel = 1;
				LastSwiftUpdateCheck = 1540;
				LastUpgradeCheck = 1540;
				TargetAttributes = {
					76C942B92D198CA90068560E = {
						CreatedOnToolsVersion = 15.4;
					};
					76C942C92D198CAA0068560E = {
						CreatedOnToolsVersion = 15.4;
						TestTargetID = 76C942B92D198CA90068560E;
					};
					76C942D32D198CAA0068560E = {
						CreatedOnToolsVersion = 15.4;
						TestTargetID = 76C942B92D198CA90068560E;
					};
				};
			};
			buildConfigurationList = 76C942B52D198CA90068560E /* Build configuration list for PBXProject "SwapiDemo" */;
			compatibilityVersion = "Xcode 14.0";
			developmentRegion = en;
			hasScannedForEncodings = 0;
			knownRegions = (
				en,
				Base,
			);
			mainGroup = 76C942B12D198CA90068560E;
			productRefGroup = 76C942BB2D198CA90068560E /* Products */;
			projectDirPath = "";
			projectRoot = "";
			targets = (
				76C942B92D198CA90068560E /* SwapiDemo */,
				76C942C92D198CAA0068560E /* SwapiDemoTests */,
				76C942D32D198CAA0068560E /* SwapiDemoUITests */,
			);
		};
/* End PBXProject section */

/* Begin PBXResourcesBuildPhase section */
		76C942B82D198CA90068560E /* Resources */ = {
			isa = PBXResourcesBuildPhase;
			buildActionMask = 2147483647;
			files = (
				76C942E82D19942A0068560E /* README.md in Resources */,
				76C942C52D198CAA0068560E /* Preview Assets.xcassets in Resources */,
				76C942C22D198CAA0068560E /* Assets.xcassets in Resources */,
			);
			runOnlyForDeploymentPostprocessing = 0;
		};
		76C942C82D198CAA0068560E /* Resources */ = {
			isa = PBXResourcesBuildPhase;
			buildActionMask = 2147483647;
			files = (
			);
			runOnlyForDeploymentPostprocessing = 0;
		};
		76C942D22D198CAA0068560E /* Resources */ = {
			isa = PBXResourcesBuildPhase;
			buildActionMask = 2147483647;
			files = (
			);
			runOnlyForDeploymentPostprocessing = 0;
		};
/* End PBXResourcesBuildPhase section */

/* Begin PBXSourcesBuildPhase section */
		76C942B62D198CA90068560E /* Sources */ = {
			isa = PBXSourcesBuildPhase;
			buildActionMask = 2147483647;
			files = (
				76C942C02D198CA90068560E /* ContentView.swift in Sources */,
				76C942BE2D198CA90068560E /* SwapiDemoApp.swift in Sources */,
			);
			runOnlyForDeploymentPostprocessing = 0;
		};
		76C942C62D198CAA0068560E /* Sources */ = {
			isa = PBXSourcesBuildPhase;
			buildActionMask = 2147483647;
			files = (
				76C942CF2D198CAA0068560E /* SwapiDemoTests.swift in Sources */,
			);
			runOnlyForDeploymentPostprocessing = 0;
		};
		76C942D02D198CAA0068560E /* Sources */ = {
			isa = PBXSourcesBuildPhase;
			buildActionMask = 2147483647;
			files = (
				76C942DB2D198CAA0068560E /* SwapiDemoUITestsLaunchTests.swift in Sources */,
				76C942D92D198CAA0068560E /* SwapiDemoUITests.swift in Sources */,
			);
			runOnlyForDeploymentPostprocessing = 0;
		};
/* End PBXSourcesBuildPhase section */

/* Begin PBXTargetDependency section */
		76C942CC2D198CAA0068560E /* PBXTargetDependency */ = {
			isa = PBXTargetDependency;
			target = 76C942B92D198CA90068560E /* SwapiDemo */;
			targetProxy = 76C942CB2D198CAA0068560E /* PBXContainerItemProxy */;
		};
		76C942D62D198CAA0068560E /* PBXTargetDependency */ = {
			isa = PBXTargetDependency;
			target = 76C942B92D198CA90068560E /* SwapiDemo */;
			targetProxy = 76C942D52D198CAA0068560E /* PBXContainerItemProxy */;
		};
/* End PBXTargetDependency section */

/* Begin XCBuildConfiguration section */
		76C942DC2D198CAA0068560E /* Debug */ = {
			isa = XCBuildConfiguration;
			buildSettings = {
				ALWAYS_SEARCH_USER_PATHS = NO;
				ASSETCATALOG_COMPILER_GENERATE_SWIFT_ASSET_SYMBOL_EXTENSIONS = YES;
				CLANG_ANALYZER_NONNULL = YES;
				CLANG_ANALYZER_NUMBER_OBJECT_CONVERSION = YES_AGGRESSIVE;
				CLANG_CXX_LANGUAGE_STANDARD = "gnu++20";
				CLANG_ENABLE_MODULES = YES;
				CLANG_ENABLE_OBJC_ARC = YES;
				CLANG_ENABLE_OBJC_WEAK = YES;
				CLANG_WARN_BLOCK_CAPTURE_AUTORELEASING = YES;
				CLANG_WARN_BOOL_CONVERSION = YES;
				CLANG_WARN_COMMA = YES;
				CLANG_WARN_CONSTANT_CONVERSION = YES;
				CLANG_WARN_DEPRECATED_OBJC_IMPLEMENTATIONS = YES;
				CLANG_WARN_DIRECT_OBJC_ISA_USAGE = YES_ERROR;
				CLANG_WARN_DOCUMENTATION_COMMENTS = YES;
				CLANG_WARN_EMPTY_BODY = YES;
				CLANG_WARN_ENUM_CONVERSION = YES;
				CLANG_WARN_INFINITE_RECURSION = YES;
				CLANG_WARN_INT_CONVERSION = YES;
				CLANG_WARN_NON_LITERAL_NULL_CONVERSION = YES;
				CLANG_WARN_OBJC_IMPLICIT_RETAIN_SELF = YES;
				CLANG_WARN_OBJC_LITERAL_CONVERSION = YES;
				CLANG_WARN_OBJC_ROOT_CLASS = YES_ERROR;
				CLANG_WARN_QUOTED_INCLUDE_IN_FRAMEWORK_HEADER = YES;
				CLANG_WARN_RANGE_LOOP_ANALYSIS = YES;
				CLANG_WARN_STRICT_PROTOTYPES = YES;
				CLANG_WARN_SUSPICIOUS_MOVE = YES;
				CLANG_WARN_UNGUARDED_AVAILABILITY = YES_AGGRESSIVE;
				CLANG_WARN_UNREACHABLE_CODE = YES;
				CLANG_WARN__DUPLICATE_METHOD_MATCH = YES;
				COPY_PHASE_STRIP = NO;
				DEBUG_INFORMATION_FORMAT = dwarf;
				ENABLE_STRICT_OBJC_MSGSEND = YES;
				ENABLE_TESTABILITY = YES;
				ENABLE_USER_SCRIPT_SANDBOXING = YES;
				GCC_C_LANGUAGE_STANDARD = gnu17;
				GCC_DYNAMIC_NO_PIC = NO;
				GCC_NO_COMMON_BLOCKS = YES;
				GCC_OPTIMIZATION_LEVEL = 0;
				GCC_PREPROCESSOR_DEFINITIONS = (
					"DEBUG=1",
					"$(inherited)",
				);
				GCC_WARN_64_TO_32_BIT_CONVERSION = YES;
				GCC_WARN_ABOUT_RETURN_TYPE = YES_ERROR;
				GCC_WARN_UNDECLARED_SELECTOR = YES;
				GCC_WARN_UNINITIALIZED_AUTOS = YES_AGGRESSIVE;
				GCC_WARN_UNUSED_FUNCTION = YES;
				GCC_WARN_UNUSED_VARIABLE = YES;
				IPHONEOS_DEPLOYMENT_TARGET = 17.5;
				LOCALIZATION_PREFERS_STRING_CATALOGS = YES;
				MTL_ENABLE_DEBUG_INFO = INCLUDE_SOURCE;
				MTL_FAST_MATH = YES;
				ONLY_ACTIVE_ARCH = YES;
				SDKROOT = iphoneos;
				SWIFT_ACTIVE_COMPILATION_CONDITIONS = "DEBUG $(inherited)";
				SWIFT_OPTIMIZATION_LEVEL = "-Onone";
			};
			name = Debug;
		};
		76C942DD2D198CAA0068560E /* Release */ = {
			isa = XCBuildConfiguration;
			buildSettings = {
				ALWAYS_SEARCH_USER_PATHS = NO;
				ASSETCATALOG_COMPILER_GENERATE_SWIFT_ASSET_SYMBOL_EXTENSIONS = YES;
				CLANG_ANALYZER_NONNULL = YES;
				CLANG_ANALYZER_NUMBER_OBJECT_CONVERSION = YES_AGGRESSIVE;
				CLANG_CXX_LANGUAGE_STANDARD = "gnu++20";
				CLANG_ENABLE_MODULES = YES;
				CLANG_ENABLE_OBJC_ARC = YES;
				CLANG_ENABLE_OBJC_WEAK = YES;
				CLANG_WARN_BLOCK_CAPTURE_AUTORELEASING = YES;
				CLANG_WARN_BOOL_CONVERSION = YES;
				CLANG_WARN_COMMA = YES;
				CLANG_WARN_CONSTANT_CONVERSION = YES;
				CLANG_WARN_DEPRECATED_OBJC_IMPLEMENTATIONS = YES;
				CLANG_WARN_DIRECT_OBJC_ISA_USAGE = YES_ERROR;
				CLANG_WARN_DOCUMENTATION_COMMENTS = YES;
				CLANG_WARN_EMPTY_BODY = YES;
				CLANG_WARN_ENUM_CONVERSION = YES;
				CLANG_WARN_INFINITE_RECURSION = YES;
				CLANG_WARN_INT_CONVERSION = YES;
				CLANG_WARN_NON_LITERAL_NULL_CONVERSION = YES;
				CLANG_WARN_OBJC_IMPLICIT_RETAIN_SELF = YES;
				CLANG_WARN_OBJC_LITERAL_CONVERSION = YES;
				CLANG_WARN_OBJC_ROOT_CLASS = YES_ERROR;
				CLANG_WARN_QUOTED_INCLUDE_IN_FRAMEWORK_HEADER = YES;
				CLANG_WARN_RANGE_LOOP_ANALYSIS = YES;
				CLANG_WARN_STRICT_PROTOTYPES = YES;
				CLANG_WARN_SUSPICIOUS_MOVE = YES;
				CLANG_WARN_UNGUARDED_AVAILABILITY = YES_AGGRESSIVE;
				CLANG_WARN_UNREACHABLE_CODE = YES;
				CLANG_WARN__DUPLICATE_METHOD_MATCH = YES;
				COPY_PHASE_STRIP = NO;
				DEBUG_INFORMATION_FORMAT = "dwarf-with-dsym";
				ENABLE_NS_ASSERTIONS = NO;
				ENABLE_STRICT_OBJC_MSGSEND = YES;
				ENABLE_USER_SCRIPT_SANDBOXING = YES;
				GCC_C_LANGUAGE_STANDARD = gnu17;
				GCC_NO_COMMON_BLOCKS = YES;
				GCC_WARN_64_TO_32_BIT_CONVERSION = YES;
				GCC_WARN_ABOUT_RETURN_TYPE = YES_ERROR;
				GCC_WARN_UNDECLARED_SELECTOR = YES;
				GCC_WARN_UNINITIALIZED_AUTOS = YES_AGGRESSIVE;
				GCC_WARN_UNUSED_FUNCTION = YES;
				GCC_WARN_UNUSED_VARIABLE = YES;
				IPHONEOS_DEPLOYMENT_TARGET = 17.5;
				LOCALIZATION_PREFERS_STRING_CATALOGS = YES;
				MTL_ENABLE_DEBUG_INFO = NO;
				MTL_FAST_MATH = YES;
				SDKROOT = iphoneos;
				SWIFT_COMPILATION_MODE = wholemodule;
				VALIDATE_PRODUCT = YES;
			};
			name = Release;
		};
		76C942DF2D198CAA0068560E /* Debug */ = {
			isa = XCBuildConfiguration;
			buildSettings = {
				ASSETCATALOG_COMPILER_APPICON_NAME = AppIcon;
				ASSETCATALOG_COMPILER_GLOBAL_ACCENT_COLOR_NAME = AccentColor;
				CODE_SIGN_STYLE = Automatic;
				CURRENT_PROJECT_VERSION = 1;
				DEVELOPMENT_ASSET_PATHS = "\"SwapiDemo/Preview Content\"";
				DEVELOPMENT_TEAM = F342975UV4;
				ENABLE_PREVIEWS = YES;
				GENERATE_INFOPLIST_FILE = YES;
				INFOPLIST_KEY_UIApplicationSceneManifest_Generation = YES;
				INFOPLIST_KEY_UIApplicationSupportsIndirectInputEvents = YES;
				INFOPLIST_KEY_UILaunchScreen_Generation = YES;
				INFOPLIST_KEY_UISupportedInterfaceOrientations = UIInterfaceOrientationPortrait;
				INFOPLIST_KEY_UISupportedInterfaceOrientations_iPad = "UIInterfaceOrientationLandscapeLeft UIInterfaceOrientationLandscapeRight UIInterfaceOrientationPortrait UIInterfaceOrientationPortraitUpsideDown";
				LD_RUNPATH_SEARCH_PATHS = (
					"$(inherited)",
					"@executable_path/Frameworks",
				);
				MARKETING_VERSION = 1.0;
				PRODUCT_BUNDLE_IDENTIFIER = com.ferhedio.SwapiDemo;
				PRODUCT_NAME = "$(TARGET_NAME)";
				SWIFT_EMIT_LOC_STRINGS = YES;
				SWIFT_VERSION = 5.0;
				TARGETED_DEVICE_FAMILY = "1,2";
			};
			name = Debug;
		};
		76C942E02D198CAA0068560E /* Release */ = {
			isa = XCBuildConfiguration;
			buildSettings = {
				ASSETCATALOG_COMPILER_APPICON_NAME = AppIcon;
				ASSETCATALOG_COMPILER_GLOBAL_ACCENT_COLOR_NAME = AccentColor;
				CODE_SIGN_STYLE = Automatic;
				CURRENT_PROJECT_VERSION = 1;
				DEVELOPMENT_ASSET_PATHS = "\"SwapiDemo/Preview Content\"";
				DEVELOPMENT_TEAM = F342975UV4;
				ENABLE_PREVIEWS = YES;
				GENERATE_INFOPLIST_FILE = YES;
				INFOPLIST_KEY_UIApplicationSceneManifest_Generation = YES;
				INFOPLIST_KEY_UIApplicationSupportsIndirectInputEvents = YES;
				INFOPLIST_KEY_UILaunchScreen_Generation = YES;
				INFOPLIST_KEY_UISupportedInterfaceOrientations = UIInterfaceOrientationPortrait;
				INFOPLIST_KEY_UISupportedInterfaceOrientations_iPad = "UIInterfaceOrientationLandscapeLeft UIInterfaceOrientationLandscapeRight UIInterfaceOrientationPortrait UIInterfaceOrientationPortraitUpsideDown";
				LD_RUNPATH_SEARCH_PATHS = (
					"$(inherited)",
					"@executable_path/Frameworks",
				);
				MARKETING_VERSION = 1.0;
				PRODUCT_BUNDLE_IDENTIFIER = com.ferhedio.SwapiDemo;
				PRODUCT_NAME = "$(TARGET_NAME)";
				SWIFT_EMIT_LOC_STRINGS = YES;
				SWIFT_VERSION = 5.0;
				TARGETED_DEVICE_FAMILY = "1,2";
			};
			name = Release;
		};
		76C942E22D198CAA0068560E /* Debug */ = {
			isa = XCBuildConfiguration;
			buildSettings = {
				ALWAYS_EMBED_SWIFT_STANDARD_LIBRARIES = YES;
				BUNDLE_LOADER = "$(TEST_HOST)";
				CODE_SIGN_STYLE = Automatic;
				CURRENT_PROJECT_VERSION = 1;
				DEVELOPMENT_TEAM = F342975UV4;
				GENERATE_INFOPLIST_FILE = YES;
				IPHONEOS_DEPLOYMENT_TARGET = 17.5;
				MARKETING_VERSION = 1.0;
				PRODUCT_BUNDLE_IDENTIFIER = com.ferhedio.SwapiDemoTests;
				PRODUCT_NAME = "$(TARGET_NAME)";
				SWIFT_EMIT_LOC_STRINGS = NO;
				SWIFT_VERSION = 5.0;
				TARGETED_DEVICE_FAMILY = "1,2";
				TEST_HOST = "$(BUILT_PRODUCTS_DIR)/SwapiDemo.app/$(BUNDLE_EXECUTABLE_FOLDER_PATH)/SwapiDemo";
			};
			name = Debug;
		};
		76C942E32D198CAA0068560E /* Release */ = {
			isa = XCBuildConfiguration;
			buildSettings = {
				ALWAYS_EMBED_SWIFT_STANDARD_LIBRARIES = YES;
				BUNDLE_LOADER = "$(TEST_HOST)";
				CODE_SIGN_STYLE = Automatic;
				CURRENT_PROJECT_VERSION = 1;
				DEVELOPMENT_TEAM = F342975UV4;
				GENERATE_INFOPLIST_FILE = YES;
				IPHONEOS_DEPLOYMENT_TARGET = 17.5;
				MARKETING_VERSION = 1.0;
				PRODUCT_BUNDLE_IDENTIFIER = com.ferhedio.SwapiDemoTests;
				PRODUCT_NAME = "$(TARGET_NAME)";
				SWIFT_EMIT_LOC_STRINGS = NO;
				SWIFT_VERSION = 5.0;
				TARGETED_DEVICE_FAMILY = "1,2";
				TEST_HOST = "$(BUILT_PRODUCTS_DIR)/SwapiDemo.app/$(BUNDLE_EXECUTABLE_FOLDER_PATH)/SwapiDemo";
			};
			name = Release;
		};
		76C942E52D198CAA0068560E /* Debug */ = {
			isa = XCBuildConfiguration;
			buildSettings = {
				ALWAYS_EMBED_SWIFT_STANDARD_LIBRARIES = YES;
				CODE_SIGN_STYLE = Automatic;
				CURRENT_PROJECT_VERSION = 1;
				DEVELOPMENT_TEAM = F342975UV4;
				GENERATE_INFOPLIST_FILE = YES;
				MARKETING_VERSION = 1.0;
				PRODUCT_BUNDLE_IDENTIFIER = com.ferhedio.SwapiDemoUITests;
				PRODUCT_NAME = "$(TARGET_NAME)";
				SWIFT_EMIT_LOC_STRINGS = NO;
				SWIFT_VERSION = 5.0;
				TARGETED_DEVICE_FAMILY = "1,2";
				TEST_TARGET_NAME = SwapiDemo;
			};
			name = Debug;
		};
		76C942E62D198CAA0068560E /* Release */ = {
			isa = XCBuildConfiguration;
			buildSettings = {
				ALWAYS_EMBED_SWIFT_STANDARD_LIBRARIES = YES;
				CODE_SIGN_STYLE = Automatic;
				CURRENT_PROJECT_VERSION = 1;
				DEVELOPMENT_TEAM = F342975UV4;
				GENERATE_INFOPLIST_FILE = YES;
				MARKETING_VERSION = 1.0;
				PRODUCT_BUNDLE_IDENTIFIER = com.ferhedio.SwapiDemoUITests;
				PRODUCT_NAME = "$(TARGET_NAME)";
				SWIFT_EMIT_LOC_STRINGS = NO;
				SWIFT_VERSION = 5.0;
				TARGETED_DEVICE_FAMILY = "1,2";
				TEST_TARGET_NAME = SwapiDemo;
			};
			name = Release;
		};
/* End XCBuildConfiguration section */

/* Begin XCConfigurationList section */
		76C942B52D198CA90068560E /* Build configuration list for PBXProject "SwapiDemo" */ = {
			isa = XCConfigurationList;
			buildConfigurations = (
				76C942DC2D198CAA0068560E /* Debug */,
				76C942DD2D198CAA0068560E /* Release */,
			);
			defaultConfigurationIsVisible = 0;
			defaultConfigurationName = Release;
		};
		76C942DE2D198CAA0068560E /* Build configuration list for PBXNativeTarget "SwapiDemo" */ = {
			isa = XCConfigurationList;
			buildConfigurations = (
				76C942DF2D198CAA0068560E /* Debug */,
				76C942E02D198CAA0068560E /* Release */,
			);
			defaultConfigurationIsVisible = 0;
			defaultConfigurationName = Release;
		};
		76C942E12D198CAA0068560E /* Build configuration list for PBXNativeTarget "SwapiDemoTests" */ = {
			isa = XCConfigurationList;
			buildConfigurations = (
				76C942E22D198CAA0068560E /* Debug */,
				76C942E32D198CAA0068560E /* Release */,
			);
			defaultConfigurationIsVisible = 0;
			defaultConfigurationName = Release;
		};
		76C942E42D198CAA0068560E /* Build configuration list for PBXNativeTarget "SwapiDemoUITests" */ = {
			isa = XCConfigurationList;
			buildConfigurations = (
				76C942E52D198CAA0068560E /* Debug */,
				76C942E62D198CAA0068560E /* Release */,
			);
			defaultConfigurationIsVisible = 0;
			defaultConfigurationName = Release;
		};
/* End XCConfigurationList section */
	};
	rootObject = 76C942B22D198CA90068560E /* Project object */;
}
